{
  "name": "6de2aa2fded2970c",
  "lockfileVersion": 3,
  "requires": true,
  "packages": {
    "": {
      "dependencies": {
        "agent-browser": "^0.33.1"
      }
    },
    "node_modules/agent-browser": {
      "version": "0.33.1",
      "resolved": "https://registry.npmjs.org/agent-browser/-/agent-browser-0.33.1.tgz",
      "integrity": "sha512-lS0KbU9QdkD0I2n+uzrmNXKNGRjsd6GcB7bR6Wm1eyLcaxTCSf2zuxbWzf76fHCrDA4YoY3TikoOMSA8qA+wFA==",
      "hasInstallScript": true,
      "license": "Apache-2.0",
      "bin": {
        "agent-browser": "bin/agent-browser.js"
      },
      "engines": {
        "node": ">=24.0.0",
        "pnpm": ">=11.0.0"
      }
    }
  }
}
