<?xml version="1.0" encoding="UTF-8"?>
<!DOCTYPE plist PUBLIC "-//Apple//DTD PLIST 1.0//EN" "http://www.apple.com/DTDs/PropertyList-1.0.dtd">
<plist version="1.0">
<dict>
	<key>hostname</key>
	<string>MacBook-Neo-de-Kleber-2.local</string>
	<key>hostuuid</key>
	<string>8748699A-45E5-5DB1-83E0-A843E91C46D2</string>
	<key>pid</key>
	<integer>9485</integer>
	<key>processname</key>
	<string>photolibraryd</string>
	<key>uid</key>
	<integer>501</integer>
</dict>
</plist>
